
Microsoft Visual Studio Solution File, Format Version 12.00
# Visual Studio Version 17
VisualStudioVersion = 17.12.35527.113 d17.12
MinimumVisualStudioVersion = 10.0.40219.1
Project("{FAE04EC0-301F-11D3-BF4B-00C04F79EFBC}") = "RESTApi", "RESTApi\RESTApi.csproj", "{32DC6F66-A9B7-40C4-BE7D-579FAD2E886B}"
EndProject
Global
	GlobalSection(SolutionConfigurationPlatforms) = preSolution
		Debug|Any CPU = Debug|Any CPU
		Release|Any CPU = Release|Any CPU
	EndGlobalSection
	GlobalSection(ProjectConfigurationPlatforms) = postSolution
		{32DC6F66-A9B7-40C4-BE7D-579FAD2E886B}.Debug|Any CPU.ActiveCfg = Debug|Any CPU
		{32DC6F66-A9B7-40C4-BE7D-579FAD2E886B}.Debug|Any CPU.Build.0 = Debug|Any CPU
		{32DC6F66-A9B7-40C4-BE7D-579FAD2E886B}.Release|Any CPU.ActiveCfg = Release|Any CPU
		{32DC6F66-A9B7-40C4-BE7D-579FAD2E886B}.Release|Any CPU.Build.0 = Release|Any CPU
	EndGlobalSection
	GlobalSection(SolutionProperties) = preSolution
		HideSolutionNode = FALSE
	EndGlobalSection
EndGlobal
